
Microsoft Visual Studio Solution File, Format Version 12.00
# Visual Studio Version 17
VisualStudioVersion = 17.9.34701.34
MinimumVisualStudioVersion = 10.0.40219.1
Project("{FAE04EC0-301F-11D3-BF4B-00C04F79EFBC}") = "WordProcessingService", "WordProcessingService\WordProcessingService.csproj", "{C0E557A4-0D6F-427F-B99E-E8C3376CD599}"
EndProject
Project("{FAE04EC0-301F-11D3-BF4B-00C04F79EFBC}") = "WordProcessingService.Console", "WordProcessingService.Console\WordProcessingService.Console.csproj", "{B09B6FEE-F706-482B-98C4-EF576771F279}"
EndProject
Project("{FAE04EC0-301F-11D3-BF4B-00C04F79EFBC}") = "WordProcessingService.Tests", "WordProcessingService.Tests\WordProcessingService.Tests.csproj", "{2D81A40D-8770-4787-8748-F7A19EBFD61D}"
EndProject
Global
	GlobalSection(SolutionConfigurationPlatforms) = preSolution
		Debug|Any CPU = Debug|Any CPU
		Release|Any CPU = Release|Any CPU
	EndGlobalSection
	GlobalSection(ProjectConfigurationPlatforms) = postSolution
		{C0E557A4-0D6F-427F-B99E-E8C3376CD599}.Debug|Any CPU.ActiveCfg = Debug|Any CPU
		{C0E557A4-0D6F-427F-B99E-E8C3376CD599}.Debug|Any CPU.Build.0 = Debug|Any CPU
		{C0E557A4-0D6F-427F-B99E-E8C3376CD599}.Release|Any CPU.ActiveCfg = Release|Any CPU
		{C0E557A4-0D6F-427F-B99E-E8C3376CD599}.Release|Any CPU.Build.0 = Release|Any CPU
		{B09B6FEE-F706-482B-98C4-EF576771F279}.Debug|Any CPU.ActiveCfg = Debug|Any CPU
		{B09B6FEE-F706-482B-98C4-EF576771F279}.Debug|Any CPU.Build.0 = Debug|Any CPU
		{B09B6FEE-F706-482B-98C4-EF576771F279}.Release|Any CPU.ActiveCfg = Release|Any CPU
		{B09B6FEE-F706-482B-98C4-EF576771F279}.Release|Any CPU.Build.0 = Release|Any CPU
		{2D81A40D-8770-4787-8748-F7A19EBFD61D}.Debug|Any CPU.ActiveCfg = Debug|Any CPU
		{2D81A40D-8770-4787-8748-F7A19EBFD61D}.Debug|Any CPU.Build.0 = Debug|Any CPU
		{2D81A40D-8770-4787-8748-F7A19EBFD61D}.Release|Any CPU.ActiveCfg = Release|Any CPU
		{2D81A40D-8770-4787-8748-F7A19EBFD61D}.Release|Any CPU.Build.0 = Release|Any CPU
	EndGlobalSection
	GlobalSection(SolutionProperties) = preSolution
		HideSolutionNode = FALSE
	EndGlobalSection
	GlobalSection(ExtensibilityGlobals) = postSolution
		SolutionGuid = {AC0ACA13-13F9-4DD5-B00C-DD051E89451D}
	EndGlobalSection
EndGlobal
